github.com/ChainSafe/go-schnorrkel v1.1.0 h1:rZ6EU+CZFCjB4sHUE1jIu8VDoB/wRKZxoe1tkcO71Wk=
github.com/ChainSafe/go-schnorrkel v1.1.0/go.mod h1:ABkENxiP+cvjFiByMIZ9LYbRoNNLeBLiakC1XeTFxfE=
github.com/bits-and-blooms/bitset v1.24.6 h1:qcrftZUVBIwfs+m+nhoCBAPT+ZPZZjti8SbHbDQQkZ4=
github.com/bits-and-blooms/bitset v1.24.6/go.mod h1:7hO7Gc7Pp1vODcmWvKMRA9BNmbv6a/7QIWpPxHddWR8=
github.com/cloudflare/circl v1.6.5 h1:O64F26HEqNhznd/hrC5KZXVKYuKM2rx4deZDTc4ihQA=
github.com/cloudflare/circl v1.6.5/go.mod h1:h5LNyxAc5nTue9DS5jT+48en2PSDYt3zdGnz5OstK6c=
github.com/consensys/gnark-crypto v0.21.0 h1:FDHibVIk4T5LkOKAkiN38g8gEvOxNcM10mLHOqvFTD0=
github.com/consensys/gnark-crypto v0.21.0/go.mod h1:hdTjDNjdkYJ1oVuc8emh9XEhfM1SbyZhJigFqItiOLk=
github.com/cosmos/go-bip39 v0.0.0-20180819234021-555e2067c45d h1:49RLWk1j44Xu4fjHb6JFYmeUnDORVwHNkDxaQ0ctCVU=
github.com/cosmos/go-bip39 v0.0.0-20180819234021-555e2067c45d/go.mod h1:tSxLoYXyBmiFeKpvmq4dzayMdCjCnu8uqmCysIGBT2Y=
github.com/davecgh/go-spew v1.1.1 h1:vj9j/u1bqnvCEfJOwUhtlOARqs3+rkHYY13jYWTU97c=
github.com/davecgh/go-spew v1.1.1/go.mod h1:J7Y8YcW2NihsgmVo/mv3lAwl/skON4iLHjSsI+c5H38=
github.com/gtank/merlin v0.1.1 h1:eQ90iG7K9pOhtereWsmyRJ6RAwcP4tHTDBHXNg+u5is=
github.com/gtank/merlin v0.1.1/go.mod h1:T86dnYJhcGOh5BjZFCJWTDeTK7XW8uE+E21Cy/bIQ+s=
github.com/gtank/ristretto255 v0.1.2 h1:JEqUCPA1NvLq5DwYtuzigd7ss8fwbYay9fi4/5uMzcc=
github.com/gtank/ristretto255 v0.1.2/go.mod h1:Ph5OpO6c7xKUGROZfWVLiJf9icMDwUeIvY4OmlYW69o=
github.com/leanovate/gopter v0.2.11 h1:vRjThO1EKPb/1NsDXuDrzldR28RLkBflWYcU9CvzWu4=
github.com/leanovate/gopter v0.2.11/go.mod h1:aK3tzZP/C+p1m3SPRE4SYZFGP7jjkuSI4f7Xvpt0S9c=
github.com/mimoo/StrobeGo v0.0.0-20181016162300-f8f6d4d2b643 h1:hLDRPB66XQT/8+wG9WsDpiCvZf1yKO7sz7scAjSlBa0=
github.com/mimoo/StrobeGo v0.0.0-20181016162300-f8f6d4d2b643/go.mod h1:43+3pMjjKimDBf5Kr4ZFNGbLql1zKkbImw+fZbw3geM=
github.com/pmezard/go-difflib v1.0.0 h1:4DBwDE0NGyQoBHbLQYPwSUPoCMWR5BEzIk/f1lZbAQM=
github.com/pmezard/go-difflib v1.0.0/go.mod h1:iKH77koFhYxTK1pcRnkKkqfTogsbg7gZNVY4sRDYZ/4=
github.com/stretchr/testify v1.11.1 h1:7s2iGBzp5EwR7/aIZr8ao5+dra3wiQyKjjFuvgVKu7U=
github.com/stretchr/testify v1.11.1/go.mod h1:wZwfW3scLgRK+23gO65QZefKpKQRnfz6sD981Nm4B6U=
golang.org/x/crypto v0.54.0 h1:YLIA59K4fiNzHzjnZt2tUJQjQtUWfWbeHBqKtk3eScw=
golang.org/x/crypto v0.54.0/go.mod h1:KWL8ny2AZdGR2cWmzeHrp2azQPGogOv+HeQaVEXC2dk=
golang.org/x/sys v0.47.0 h1:o7XGOvZQCADBQQ4Y7VNq2dRWQR7JmOUW8Kxx4ZsNgWs=
golang.org/x/sys v0.47.0/go.mod h1:4GL1E5IUh+htKOUEOaiffhrAeqysfVGipDYzABqnCmw=
gopkg.in/yaml.v3 v3.0.1 h1:fxVm/GzAzEWqLHuvctI91KS9hhNmmWOoWu0XTYJS7CA=
gopkg.in/yaml.v3 v3.0.1/go.mod h1:K4uyk7z7BCEPqu6E+C64Yfv1cQ7kz7rIZviUmN+EgEM=
